# @generated - this file is auto-generated by `mise lock` https://mise.en.dev/dev-tools/mise-lock.html

[[tools.act]]
version = "0.2.89"
backend = "aqua:nektos/act"

[tools.act."platforms.linux-arm64"]
checksum = "sha256:daa8679ba9615a74d2d0cec321dc593f21948a2a11bb65862b063d8b930f4bcb"
url = "https://github.com/nektos/act/releases/download/v0.2.89/act_Linux_arm64.tar.gz"
url_api = "https://api.github.com/repos/nektos/act/releases/assets/434891274"

[tools.act."platforms.linux-arm64-musl"]
checksum = "sha256:daa8679ba9615a74d2d0cec321dc593f21948a2a11bb65862b063d8b930f4bcb"
url = "https://github.com/nektos/act/releases/download/v0.2.89/act_Linux_arm64.tar.gz"
url_api = "https://api.github.com/repos/nektos/act/releases/assets/434891274"

[tools.act."platforms.linux-x64"]
checksum = "sha256:0191d6f1f3b716b5c55820032605d05fc3c1cdbf581ebeff655019e5dd1524c0"
url = "https://github.com/nektos/act/releases/download/v0.2.89/act_Linux_x86_64.tar.gz"
url_api = "https://api.github.com/repos/nektos/act/releases/assets/434891246"

[tools.act."platforms.linux-x64-musl"]
checksum = "sha256:0191d6f1f3b716b5c55820032605d05fc3c1cdbf581ebeff655019e5dd1524c0"
url = "https://github.com/nektos/act/releases/download/v0.2.89/act_Linux_x86_64.tar.gz"
url_api = "https://api.github.com/repos/nektos/act/releases/assets/434891246"

[tools.act."platforms.macos-arm64"]
checksum = "sha256:48ae218af96725f7635a66de2b87e1e346893b02add0f16b92f560296b2151fc"
url = "https://github.com/nektos/act/releases/download/v0.2.89/act_Darwin_arm64.tar.gz"
url_api = "https://api.github.com/repos/nektos/act/releases/assets/434891257"

[tools.act."platforms.macos-x64"]
checksum = "sha256:41b31488e7c254baec31cce12c7dade3e35973b8a31b9486206ad43f233d814e"
url = "https://github.com/nektos/act/releases/download/v0.2.89/act_Darwin_x86_64.tar.gz"
url_api = "https://api.github.com/repos/nektos/act/releases/assets/434891248"

[tools.act."platforms.windows-x64"]
checksum = "sha256:0f8cf866ad7e32421a219fc551a0a0ea5d12ead464de12ebfeafd334a5973b50"
url = "https://github.com/nektos/act/releases/download/v0.2.89/act_Windows_x86_64.zip"
url_api = "https://api.github.com/repos/nektos/act/releases/assets/434891261"

[[tools."aqua:anchore/grype"]]
version = "0.116.0"
backend = "aqua:anchore/grype"

[tools."aqua:anchore/grype"."platforms.linux-arm64"]
checksum = "sha256:7af3eed24f469b0cf3ab5ec4508d9c12f4bb9c2c6be714f32973c7b5d63cb6a5"
url = "https://github.com/anchore/grype/releases/download/v0.116.0/grype_0.116.0_linux_arm64.tar.gz"
url_api = "https://api.github.com/repos/anchore/grype/releases/assets/479407285"

[tools."aqua:anchore/grype"."platforms.linux-arm64-musl"]
checksum = "sha256:7af3eed24f469b0cf3ab5ec4508d9c12f4bb9c2c6be714f32973c7b5d63cb6a5"
url = "https://github.com/anchore/grype/releases/download/v0.116.0/grype_0.116.0_linux_arm64.tar.gz"
url_api = "https://api.github.com/repos/anchore/grype/releases/assets/479407285"

[tools."aqua:anchore/grype"."platforms.linux-x64"]
checksum = "sha256:40aff724297312f91ea390d003bed8d8651c74cc7f5b26732db80b3a408d2fc5"
url = "https://github.com/anchore/grype/releases/download/v0.116.0/grype_0.116.0_linux_amd64.tar.gz"
url_api = "https://api.github.com/repos/anchore/grype/releases/assets/479407286"

[tools."aqua:anchore/grype"."platforms.linux-x64-musl"]
checksum = "sha256:40aff724297312f91ea390d003bed8d8651c74cc7f5b26732db80b3a408d2fc5"
url = "https://github.com/anchore/grype/releases/download/v0.116.0/grype_0.116.0_linux_amd64.tar.gz"
url_api = "https://api.github.com/repos/anchore/grype/releases/assets/479407286"

[tools."aqua:anchore/grype"."platforms.macos-arm64"]
checksum = "sha256:9425c225d0d63d2b384baf2177d3aba713a2bfb800235848ce70169e78c9c5fa"
url = "https://github.com/anchore/grype/releases/download/v0.116.0/grype_0.116.0_darwin_arm64.tar.gz"
url_api = "https://api.github.com/repos/anchore/grype/releases/assets/479407307"

[tools."aqua:anchore/grype"."platforms.macos-x64"]
checksum = "sha256:92dc64f7f1c71f92f610b250d801837c75a3c7336cb44656e59c4f1a07939163"
url = "https://github.com/anchore/grype/releases/download/v0.116.0/grype_0.116.0_darwin_amd64.tar.gz"
url_api = "https://api.github.com/repos/anchore/grype/releases/assets/479407310"

[tools."aqua:anchore/grype"."platforms.windows-x64"]
checksum = "sha256:e5301bca123e7bb545a551cb6cc91a66b8400f65d6897005eca9f40fc16ce107"
url = "https://github.com/anchore/grype/releases/download/v0.116.0/grype_0.116.0_windows_amd64.zip"
url_api = "https://api.github.com/repos/anchore/grype/releases/assets/479407311"

[[tools."aqua:anchore/syft"]]
version = "1.48.0"
backend = "aqua:anchore/syft"

[tools."aqua:anchore/syft"."platforms.linux-arm64"]
checksum = "sha256:6865a3d97c4e28b4b38571c17a2bf512da4494ef1d37613c3122fce0d67e63b0"
url = "https://github.com/anchore/syft/releases/download/v1.48.0/syft_1.48.0_linux_arm64.tar.gz"
url_api = "https://api.github.com/repos/anchore/syft/releases/assets/479284954"

[tools."aqua:anchore/syft"."platforms.linux-arm64-musl"]
checksum = "sha256:6865a3d97c4e28b4b38571c17a2bf512da4494ef1d37613c3122fce0d67e63b0"
url = "https://github.com/anchore/syft/releases/download/v1.48.0/syft_1.48.0_linux_arm64.tar.gz"
url_api = "https://api.github.com/repos/anchore/syft/releases/assets/479284954"

[tools."aqua:anchore/syft"."platforms.linux-x64"]
checksum = "sha256:6cef9a7f37220d9067eaf9cfaaa2fce986e9f320a8d42cbc36658c99af78ea04"
url = "https://github.com/anchore/syft/releases/download/v1.48.0/syft_1.48.0_linux_amd64.tar.gz"
url_api = "https://api.github.com/repos/anchore/syft/releases/assets/479284965"

[tools."aqua:anchore/syft"."platforms.linux-x64-musl"]
checksum = "sha256:6cef9a7f37220d9067eaf9cfaaa2fce986e9f320a8d42cbc36658c99af78ea04"
url = "https://github.com/anchore/syft/releases/download/v1.48.0/syft_1.48.0_linux_amd64.tar.gz"
url_api = "https://api.github.com/repos/anchore/syft/releases/assets/479284965"

[tools."aqua:anchore/syft"."platforms.macos-arm64"]
checksum = "sha256:fef3e6d5df336a0a4c3e421e503119d1e221cf82a3ef5e426a791fcd81667e87"
url = "https://github.com/anchore/syft/releases/download/v1.48.0/syft_1.48.0_darwin_arm64.tar.gz"
url_api = "https://api.github.com/repos/anchore/syft/releases/assets/479284963"

[tools."aqua:anchore/syft"."platforms.macos-x64"]
checksum = "sha256:dc7b2135fa5591003596df4ddb3408f499b68174f5e7dc1c77a373b753463182"
url = "https://github.com/anchore/syft/releases/download/v1.48.0/syft_1.48.0_darwin_amd64.tar.gz"
url_api = "https://api.github.com/repos/anchore/syft/releases/assets/479284948"

[tools."aqua:anchore/syft"."platforms.windows-x64"]
checksum = "sha256:b46cb02a47c5b76a1656958757d62ac07d0cb7de35f92e8a7e02d450cbb53097"
url = "https://github.com/anchore/syft/releases/download/v1.48.0/syft_1.48.0_windows_amd64.zip"
url_api = "https://api.github.com/repos/anchore/syft/releases/assets/479284964"

[[tools.aube]]
version = "1.29.1"
backend = "github:endevco/aube"

[tools.aube."platforms.linux-arm64"]
checksum = "sha256:b1084f4fd7d48e47941bdf321ffb4c65817c557f55a24de58d9dfb62952fdad9"
url = "https://github.com/jdx/aube/releases/download/v1.29.1/aube-v1.29.1-aarch64-unknown-linux-gnu.tar.gz"
url_api = "https://api.github.com/repos/jdx/aube/releases/assets/479782673"
provenance = "github-attestations"

[tools.aube."platforms.linux-arm64-musl"]
checksum = "sha256:86496c2b78c8c23f7723954f7b668c38641b855243c1f6b0987766240fc680de"
url = "https://github.com/jdx/aube/releases/download/v1.29.1/aube-v1.29.1-aarch64-unknown-linux-musl.tar.gz"
url_api = "https://api.github.com/repos/jdx/aube/releases/assets/479754360"
provenance = "github-attestations"

[tools.aube."platforms.linux-x64"]
checksum = "sha256:8cf887ae950cec3e42e3e18f91163f0a11992713c9756da7c67524251e4ff785"
url = "https://github.com/jdx/aube/releases/download/v1.29.1/aube-v1.29.1-x86_64-unknown-linux-gnu.tar.gz"
url_api = "https://api.github.com/repos/jdx/aube/releases/assets/479761526"
provenance = "github-attestations"

[tools.aube."platforms.linux-x64-musl"]
checksum = "sha256:9cc524b64b6f0506d2184b227c52e7aaa07ccd799715a1d23dbd9d3d88f334be"
url = "https://github.com/jdx/aube/releases/download/v1.29.1/aube-v1.29.1-x86_64-unknown-linux-musl.tar.gz"
url_api = "https://api.github.com/repos/jdx/aube/releases/assets/479763791"
provenance = "github-attestations"

[tools.aube."platforms.macos-arm64"]
checksum = "sha256:191d0d2725aa24291b3eaa551cd16743d0980104508a8feae057d945067578f5"
url = "https://github.com/jdx/aube/releases/download/v1.29.1/aube-v1.29.1-aarch64-apple-darwin.tar.gz"
url_api = "https://api.github.com/repos/jdx/aube/releases/assets/479812346"
provenance = "github-attestations"

[tools.aube."platforms.macos-x64"]
checksum = "sha256:fffe1bd9e90497c03bdc265b048849f754cf13f499294908098f9ea6f818f4bc"
url = "https://github.com/jdx/aube/releases/download/v1.29.1/libaube-x86_64-apple-darwin.dylib"
url_api = "https://api.github.com/repos/jdx/aube/releases/assets/479765350"
provenance = "github-attestations"

[tools.aube."platforms.windows-x64"]
checksum = "sha256:b505b85f66e95bca72c88b81e239917b0db425430448032ec100ad88fe6e4839"
url = "https://github.com/jdx/aube/releases/download/v1.29.1/aube-v1.29.1-x86_64-pc-windows-msvc.zip"
url_api = "https://api.github.com/repos/jdx/aube/releases/assets/479769257"
provenance = "github-attestations"

[[tools."cargo:adrs"]]
version = "0.10.0"
backend = "cargo:adrs"

[[tools."cargo:b3sum"]]
version = "1.8.5"
backend = "cargo:b3sum"

[[tools."cargo:cargo-afl"]]
version = "0.18.2"
backend = "cargo:cargo-afl"

[tools."cargo:cargo-afl".options]
default-features = "false"

[[tools."cargo:cargo-autoinherit"]]
version = "0.1.6"
backend = "cargo:cargo-autoinherit"

[[tools."cargo:cargo-binstall"]]
version = "1.21.0"
backend = "cargo:cargo-binstall"

[[tools."cargo:cargo-careful"]]
version = "0.4.10"
backend = "cargo:cargo-careful"

[[tools."cargo:cargo-llvm-cov"]]
version = "0.8.7"
backend = "cargo:cargo-llvm-cov"

[[tools."cargo:cargo-mutants"]]
version = "27.1.0"
backend = "cargo:cargo-mutants"

[[tools."cargo:cargo-nextest"]]
version = "0.9.140"
backend = "cargo:cargo-nextest"

[[tools."cargo:coreutils"]]
version = "0.9.0"
backend = "cargo:coreutils"

[[tools."cargo:mergiraf"]]
version = "0.18.0"
backend = "cargo:mergiraf"

[[tools."cargo:nu"]]
version = "0.113.1"
backend = "cargo:nu"

[[tools."cargo:prek"]]
version = "0.4.10"
backend = "cargo:prek"

[[tools."cargo:rumdl"]]
version = "0.2.34"
backend = "cargo:rumdl"

[[tools."cargo:sizelint"]]
version = "0.1.5"
backend = "cargo:sizelint"

[[tools."cargo:typos-cli"]]
version = "1.48.0"
backend = "cargo:typos-cli"

[[tools."cargo:uv"]]
version = "0.11.29"
backend = "cargo:uv"

[[tools."cargo:worktrunk"]]
version = "0.68.0"
backend = "cargo:worktrunk"

[[tools."cargo:wrkflw"]]
version = "0.8.0"
backend = "cargo:wrkflw"

[[tools."cargo:zizmor"]]
version = "1.26.1"
backend = "cargo:zizmor"

[[tools."github:Dicklesworthstone/beads_viewer"]]
version = "0.18.0"
backend = "github:Dicklesworthstone/beads_viewer"

[tools."github:Dicklesworthstone/beads_viewer"."platforms.linux-arm64"]
checksum = "sha256:d5734864f78a0d3f1986957deea71a88bd92342f99d38c37e1667d0bdd9b9537"
url = "https://github.com/Dicklesworthstone/beads_viewer/releases/download/v0.18.0/bv_linux_arm64.tar.gz"
url_api = "https://api.github.com/repos/Dicklesworthstone/beads_viewer/releases/assets/468659549"

[tools."github:Dicklesworthstone/beads_viewer"."platforms.linux-arm64-musl"]
checksum = "sha256:d5734864f78a0d3f1986957deea71a88bd92342f99d38c37e1667d0bdd9b9537"
url = "https://github.com/Dicklesworthstone/beads_viewer/releases/download/v0.18.0/bv_linux_arm64.tar.gz"
url_api = "https://api.github.com/repos/Dicklesworthstone/beads_viewer/releases/assets/468659549"

[tools."github:Dicklesworthstone/beads_viewer"."platforms.linux-x64"]
checksum = "sha256:b8df409c380cc4db9f07cf0329ee8a4d8e669be812528ef1b3b2e0b1260e9145"
url = "https://github.com/Dicklesworthstone/beads_viewer/releases/download/v0.18.0/bv_linux_amd64.tar.gz"
url_api = "https://api.github.com/repos/Dicklesworthstone/beads_viewer/releases/assets/468659552"

[tools."github:Dicklesworthstone/beads_viewer"."platforms.linux-x64-musl"]
checksum = "sha256:b8df409c380cc4db9f07cf0329ee8a4d8e669be812528ef1b3b2e0b1260e9145"
url = "https://github.com/Dicklesworthstone/beads_viewer/releases/download/v0.18.0/bv_linux_amd64.tar.gz"
url_api = "https://api.github.com/repos/Dicklesworthstone/beads_viewer/releases/assets/468659552"

[tools."github:Dicklesworthstone/beads_viewer"."platforms.macos-arm64"]
checksum = "sha256:eba2639a9be382dd9fe4dff04489fc84720363815e26d5883fdbfb02c12ffb80"
url = "https://github.com/Dicklesworthstone/beads_viewer/releases/download/v0.18.0/bv_darwin_arm64.tar.gz"
url_api = "https://api.github.com/repos/Dicklesworthstone/beads_viewer/releases/assets/468659554"

[tools."github:Dicklesworthstone/beads_viewer"."platforms.macos-x64"]
checksum = "sha256:c1a33ea9a74b4fc67f796c83c67ea3f0be4a6f5d9eac7f4072f945118e31e779"
url = "https://github.com/Dicklesworthstone/beads_viewer/releases/download/v0.18.0/bv_darwin_amd64.tar.gz"
url_api = "https://api.github.com/repos/Dicklesworthstone/beads_viewer/releases/assets/468659553"

[tools."github:Dicklesworthstone/beads_viewer"."platforms.windows-x64"]
checksum = "sha256:c53f996b85a712c863e26d4e8fe64b873e4c68f16c104e9627d03f4cdbeb8cf3"
url = "https://github.com/Dicklesworthstone/beads_viewer/releases/download/v0.18.0/bv_windows_amd64.zip"
url_api = "https://api.github.com/repos/Dicklesworthstone/beads_viewer/releases/assets/468659586"

[[tools."github:agda/agda"]]
version = "2.8.0"
backend = "github:agda/agda"

[tools."github:agda/agda"."platforms.linux-arm64"]
checksum = "sha256:824081b8dcbe431289a50ac6bd83e451f390c51c3884ac7a8c4a5c0df2632faf"
url = "https://github.com/agda/agda/releases/download/v2.8.0/Agda-v2.8.0-linux.tar.xz"
url_api = "https://api.github.com/repos/agda/agda/releases/assets/270249125"

[tools."github:agda/agda"."platforms.linux-arm64-musl"]
checksum = "sha256:824081b8dcbe431289a50ac6bd83e451f390c51c3884ac7a8c4a5c0df2632faf"
url = "https://github.com/agda/agda/releases/download/v2.8.0/Agda-v2.8.0-linux.tar.xz"
url_api = "https://api.github.com/repos/agda/agda/releases/assets/270249125"

[tools."github:agda/agda"."platforms.linux-x64"]
checksum = "sha256:824081b8dcbe431289a50ac6bd83e451f390c51c3884ac7a8c4a5c0df2632faf"
url = "https://github.com/agda/agda/releases/download/v2.8.0/Agda-v2.8.0-linux.tar.xz"
url_api = "https://api.github.com/repos/agda/agda/releases/assets/270249125"

[tools."github:agda/agda"."platforms.linux-x64-musl"]
checksum = "sha256:824081b8dcbe431289a50ac6bd83e451f390c51c3884ac7a8c4a5c0df2632faf"
url = "https://github.com/agda/agda/releases/download/v2.8.0/Agda-v2.8.0-linux.tar.xz"
url_api = "https://api.github.com/repos/agda/agda/releases/assets/270249125"

[tools."github:agda/agda"."platforms.macos-arm64"]
checksum = "sha256:9a35071eb9747f984177f48e1ba7008a9cebccfc259a40a0a84b29ffc2ec2db6"
url = "https://github.com/agda/agda/releases/download/v2.8.0/Agda-v2.8.0-macOS-arm64.tar.xz"
url_api = "https://api.github.com/repos/agda/agda/releases/assets/270249124"

[tools."github:agda/agda"."platforms.macos-x64"]
checksum = "sha256:9d3b4f376bc9469b5e0c684bf06053f7dae327f7e4314f31f3edc866a9bb3bc5"
url = "https://github.com/agda/agda/releases/download/v2.8.0/Agda-v2.8.0-macOS-x64.tar.xz"
url_api = "https://api.github.com/repos/agda/agda/releases/assets/270249127"

[tools."github:agda/agda"."platforms.windows-x64"]
checksum = "sha256:5c97846c45dc8c43d79a5df3cc78ccf58bad710aac2182b70c4f5ede30af3cbc"
url = "https://github.com/agda/agda/releases/download/v2.8.0/Agda-v2.8.0-win64.zip"
url_api = "https://api.github.com/repos/agda/agda/releases/assets/270249126"

[[tools."github:bytecodealliance/wit-bindgen"]]
version = "0.59.0"
backend = "github:bytecodealliance/wit-bindgen"

[tools."github:bytecodealliance/wit-bindgen"."platforms.linux-arm64"]
checksum = "sha256:2bd696ae33fc982d0d8f161889d3f9f859eb8acd130ca9205ddd07b2d1cb0ee1"
url = "https://github.com/bytecodealliance/wit-bindgen/releases/download/v0.59.0/wit-bindgen-0.59.0-aarch64-linux.tar.gz"
url_api = "https://api.github.com/repos/bytecodealliance/wit-bindgen/releases/assets/469576661"
provenance = "github-attestations"

[tools."github:bytecodealliance/wit-bindgen"."platforms.linux-arm64-musl"]
checksum = "sha256:2bd696ae33fc982d0d8f161889d3f9f859eb8acd130ca9205ddd07b2d1cb0ee1"
url = "https://github.com/bytecodealliance/wit-bindgen/releases/download/v0.59.0/wit-bindgen-0.59.0-aarch64-linux.tar.gz"
url_api = "https://api.github.com/repos/bytecodealliance/wit-bindgen/releases/assets/469576661"
provenance = "github-attestations"

[tools."github:bytecodealliance/wit-bindgen"."platforms.linux-x64"]
checksum = "sha256:06b173e5aa3f3a0f5b5597c3502e2885fc9c63300f59a21151971249dda82bf4"
url = "https://github.com/bytecodealliance/wit-bindgen/releases/download/v0.59.0/wit-bindgen-0.59.0-x86_64-linux.tar.gz"
url_api = "https://api.github.com/repos/bytecodealliance/wit-bindgen/releases/assets/469576658"
provenance = "github-attestations"

[tools."github:bytecodealliance/wit-bindgen"."platforms.linux-x64-musl"]
checksum = "sha256:06b173e5aa3f3a0f5b5597c3502e2885fc9c63300f59a21151971249dda82bf4"
url = "https://github.com/bytecodealliance/wit-bindgen/releases/download/v0.59.0/wit-bindgen-0.59.0-x86_64-linux.tar.gz"
url_api = "https://api.github.com/repos/bytecodealliance/wit-bindgen/releases/assets/469576658"
provenance = "github-attestations"

[tools."github:bytecodealliance/wit-bindgen"."platforms.macos-arm64"]
checksum = "sha256:40e22d2aa3fa258bb04b4c8416f679dadbdc863fc2f8172ee9d2c97b793ade3a"
url = "https://github.com/bytecodealliance/wit-bindgen/releases/download/v0.59.0/wit-bindgen-0.59.0-aarch64-macos.tar.gz"
url_api = "https://api.github.com/repos/bytecodealliance/wit-bindgen/releases/assets/469576662"
provenance = "github-attestations"

[tools."github:bytecodealliance/wit-bindgen"."platforms.macos-x64"]
checksum = "sha256:6adf794c2a9863e5f976ce37a34fcabbc3721d9f28c793868711e6a1247ef1e7"
url = "https://github.com/bytecodealliance/wit-bindgen/releases/download/v0.59.0/wit-bindgen-0.59.0-x86_64-macos.tar.gz"
url_api = "https://api.github.com/repos/bytecodealliance/wit-bindgen/releases/assets/469576673"
provenance = "github-attestations"

[tools."github:bytecodealliance/wit-bindgen"."platforms.windows-x64"]
checksum = "sha256:2b5ab5115c3832643e1c7b753b9fc07fc86709b041c429ff9e54281691d6df1a"
url = "https://github.com/bytecodealliance/wit-bindgen/releases/download/v0.59.0/wit-bindgen-0.59.0-x86_64-windows.zip"
url_api = "https://api.github.com/repos/bytecodealliance/wit-bindgen/releases/assets/469576674"
provenance = "github-attestations"

[[tools."github:numtide/treefmt"]]
version = "2.5.0"
backend = "github:numtide/treefmt"

[tools."github:numtide/treefmt"."platforms.linux-arm64"]
checksum = "sha256:fce47c6fc8cb6a87461b1309fc6d3102eade64b6fe0c9b86678b4eed9eb00e57"
url = "https://github.com/numtide/treefmt/releases/download/v2.5.0/treefmt_2.5.0_linux_arm64.tar.gz"
url_api = "https://api.github.com/repos/numtide/treefmt/releases/assets/391045230"

[tools."github:numtide/treefmt"."platforms.linux-arm64-musl"]
checksum = "sha256:fce47c6fc8cb6a87461b1309fc6d3102eade64b6fe0c9b86678b4eed9eb00e57"
url = "https://github.com/numtide/treefmt/releases/download/v2.5.0/treefmt_2.5.0_linux_arm64.tar.gz"
url_api = "https://api.github.com/repos/numtide/treefmt/releases/assets/391045230"

[tools."github:numtide/treefmt"."platforms.linux-x64"]
checksum = "sha256:95f707bf9666d08b50888b116768fd77f042ad5af92aa3b795f063160e72758f"
url = "https://github.com/numtide/treefmt/releases/download/v2.5.0/treefmt_2.5.0_linux_amd64.tar.gz"
url_api = "https://api.github.com/repos/numtide/treefmt/releases/assets/391045232"

[tools."github:numtide/treefmt"."platforms.linux-x64-musl"]
checksum = "sha256:95f707bf9666d08b50888b116768fd77f042ad5af92aa3b795f063160e72758f"
url = "https://github.com/numtide/treefmt/releases/download/v2.5.0/treefmt_2.5.0_linux_amd64.tar.gz"
url_api = "https://api.github.com/repos/numtide/treefmt/releases/assets/391045232"

[tools."github:numtide/treefmt"."platforms.macos-arm64"]
checksum = "sha256:a3cdfa8e92eb7c302bb851f73800187e75d5789f2a75835b403b158d77b2c376"
url = "https://github.com/numtide/treefmt/releases/download/v2.5.0/treefmt_2.5.0_darwin_arm64.tar.gz"
url_api = "https://api.github.com/repos/numtide/treefmt/releases/assets/391045242"

[tools."github:numtide/treefmt"."platforms.macos-x64"]
checksum = "sha256:21388b1f7d6c2f572e1ce9231f7dfc08f80a062438908791ab078c1d76b10a49"
url = "https://github.com/numtide/treefmt/releases/download/v2.5.0/treefmt_2.5.0_darwin_amd64.tar.gz"
url_api = "https://api.github.com/repos/numtide/treefmt/releases/assets/391045231"

[[tools."github:superradcompany/microsandbox"]]
version = "0.6.6"
backend = "github:superradcompany/microsandbox"

[tools."github:superradcompany/microsandbox".options]
matching_regex = "^microsandbox-"

[tools."github:superradcompany/microsandbox"."platforms.linux-arm64"]
checksum = "sha256:13172883566eef2a3d9329a39351d72d74554ef48a68d3c9b0eb94c2ab5e0719"
url = "https://github.com/superradcompany/microsandbox/releases/download/v0.6.6/microsandbox-linux-aarch64.tar.gz"
url_api = "https://api.github.com/repos/superradcompany/microsandbox/releases/assets/469505196"
provenance = "github-attestations"

[tools."github:superradcompany/microsandbox"."platforms.linux-arm64-musl"]
checksum = "sha256:13172883566eef2a3d9329a39351d72d74554ef48a68d3c9b0eb94c2ab5e0719"
url = "https://github.com/superradcompany/microsandbox/releases/download/v0.6.6/microsandbox-linux-aarch64.tar.gz"
url_api = "https://api.github.com/repos/superradcompany/microsandbox/releases/assets/469505196"
provenance = "github-attestations"

[tools."github:superradcompany/microsandbox"."platforms.linux-x64"]
checksum = "sha256:572cf8c97e4795f32a74810f27b5545111708679dbc146eda46936a5960e7bed"
url = "https://github.com/superradcompany/microsandbox/releases/download/v0.6.6/microsandbox-linux-x86_64.tar.gz"
url_api = "https://api.github.com/repos/superradcompany/microsandbox/releases/assets/469505209"
provenance = "github-attestations"

[tools."github:superradcompany/microsandbox"."platforms.linux-x64-musl"]
checksum = "sha256:572cf8c97e4795f32a74810f27b5545111708679dbc146eda46936a5960e7bed"
url = "https://github.com/superradcompany/microsandbox/releases/download/v0.6.6/microsandbox-linux-x86_64.tar.gz"
url_api = "https://api.github.com/repos/superradcompany/microsandbox/releases/assets/469505209"
provenance = "github-attestations"

[tools."github:superradcompany/microsandbox"."platforms.macos-arm64"]
checksum = "sha256:c66fe4bfdcb0d7b7686c3c3f45dde674c9d22b50d17416854553b54c6dcf10bb"
url = "https://github.com/superradcompany/microsandbox/releases/download/v0.6.6/microsandbox-darwin-aarch64.tar.gz"
url_api = "https://api.github.com/repos/superradcompany/microsandbox/releases/assets/469505195"
provenance = "github-attestations"

[tools."github:superradcompany/microsandbox"."platforms.windows-x64"]
checksum = "sha256:f097e25aa63fa7a28b9de09607a892d4be7fd23427b8e7847f47ebc7528b9fd6"
url = "https://github.com/superradcompany/microsandbox/releases/download/v0.6.6/microsandbox-windows-x86_64.zip"
url_api = "https://api.github.com/repos/superradcompany/microsandbox/releases/assets/469505217"
provenance = "github-attestations"

[[tools."github:tombi-toml/tombi"]]
version = "1.2.1"
backend = "github:tombi-toml/tombi"

[tools."github:tombi-toml/tombi"."platforms.linux-arm64"]
checksum = "sha256:d70ba2d234c56a31afb29099c130325548c498096d42929d269f26a4ecb22e02"
url = "https://github.com/tombi-toml/tombi/releases/download/v1.2.1/tombi-cli-1.2.1-aarch64-unknown-linux-musl.tar.gz"
url_api = "https://api.github.com/repos/tombi-toml/tombi/releases/assets/480573781"
provenance = "github-attestations"

[tools."github:tombi-toml/tombi"."platforms.linux-arm64-musl"]
checksum = "sha256:d70ba2d234c56a31afb29099c130325548c498096d42929d269f26a4ecb22e02"
url = "https://github.com/tombi-toml/tombi/releases/download/v1.2.1/tombi-cli-1.2.1-aarch64-unknown-linux-musl.tar.gz"
url_api = "https://api.github.com/repos/tombi-toml/tombi/releases/assets/480573781"
provenance = "github-attestations"

[tools."github:tombi-toml/tombi"."platforms.linux-x64"]
checksum = "sha256:e1b91ed4006e7b99af2d8b7d26df57fe154b1b50b4fe14ffca5c5ee8203bfd3f"
url = "https://github.com/tombi-toml/tombi/releases/download/v1.2.1/tombi-cli-1.2.1-x86_64-unknown-linux-musl.tar.gz"
url_api = "https://api.github.com/repos/tombi-toml/tombi/releases/assets/480573796"
provenance = "github-attestations"

[tools."github:tombi-toml/tombi"."platforms.linux-x64-musl"]
checksum = "sha256:e1b91ed4006e7b99af2d8b7d26df57fe154b1b50b4fe14ffca5c5ee8203bfd3f"
url = "https://github.com/tombi-toml/tombi/releases/download/v1.2.1/tombi-cli-1.2.1-x86_64-unknown-linux-musl.tar.gz"
url_api = "https://api.github.com/repos/tombi-toml/tombi/releases/assets/480573796"
provenance = "github-attestations"

[tools."github:tombi-toml/tombi"."platforms.macos-arm64"]
checksum = "sha256:912a25882f5698fe92e6e3149fa19725108f1ffd086c4bd40b2cc8eea1a4bc33"
url = "https://github.com/tombi-toml/tombi/releases/download/v1.2.1/tombi-cli-1.2.1-aarch64-apple-darwin.tar.gz"
url_api = "https://api.github.com/repos/tombi-toml/tombi/releases/assets/480573782"
provenance = "github-attestations"

[tools."github:tombi-toml/tombi"."platforms.macos-x64"]
checksum = "sha256:8478f77faf33dd9c7cda342f747acab7107ea69a9d7cc39623e083b759540cce"
url = "https://github.com/tombi-toml/tombi/releases/download/v1.2.1/tombi-cli-1.2.1-x86_64-apple-darwin.tar.gz"
url_api = "https://api.github.com/repos/tombi-toml/tombi/releases/assets/480573783"
provenance = "github-attestations"

[tools."github:tombi-toml/tombi"."platforms.windows-x64"]
checksum = "sha256:212c7ba34e0a939187beddd52d62f3baaf1cc2f6281532fd240e23b1f79d909b"
url = "https://github.com/tombi-toml/tombi/releases/download/v1.2.1/tombi-cli-1.2.1-x86_64-pc-windows-msvc.zip"
url_api = "https://api.github.com/repos/tombi-toml/tombi/releases/assets/480573795"
provenance = "github-attestations"

[[tools.node]]
version = "26.5.0"
backend = "core:node"

[tools.node."platforms.linux-arm64"]
checksum = "sha256:308e5fe89a82461ba5a6cf15ff5221b2cdbd7ae87600aa72bb3c3fbdc66412d1"
url = "https://nodejs.org/dist/v26.5.0/node-v26.5.0-linux-arm64.tar.gz"

[tools.node."platforms.linux-arm64-musl"]
checksum = "sha256:1ab31aef6561191693f366cacd75bbcefa0301e49a18bc05554c21893bbdb490"
url = "https://unofficial-builds.nodejs.org/download/release/v26.5.0/node-v26.5.0-linux-arm64-musl.tar.gz"

[tools.node."platforms.linux-x64"]
checksum = "sha256:22b5f47ad6ae78837e4c2b846019965ce1a06ba143de176102294a1bf44fc677"
url = "https://nodejs.org/dist/v26.5.0/node-v26.5.0-linux-x64.tar.gz"

[tools.node."platforms.linux-x64-musl"]
checksum = "sha256:00f1398411a4216c5a6ecaad3b825a0da5ec00e79ee8c173ab65a094d97b9ad8"
url = "https://unofficial-builds.nodejs.org/download/release/v26.5.0/node-v26.5.0-linux-x64-musl.tar.gz"

[tools.node."platforms.macos-arm64"]
checksum = "sha256:ee920559aaa2391569cff4d737e3b83963430e3a14dedd91bfe0ff53171b5af9"
url = "https://nodejs.org/dist/v26.5.0/node-v26.5.0-darwin-arm64.tar.gz"

[tools.node."platforms.macos-x64"]
checksum = "sha256:98293394c945a24e64e00b4177bf075ec963ea70b34d1d2e24bd4a71716d334f"
url = "https://nodejs.org/dist/v26.5.0/node-v26.5.0-darwin-x64.tar.gz"

[tools.node."platforms.windows-x64"]
checksum = "sha256:d3b2277dbcccfdf24ef6302928f64f484cff1d77a6d3caa3a28f4d20ce9158f6"
url = "https://nodejs.org/dist/v26.5.0/node-v26.5.0-win-x64.zip"

[[tools."npm:@commitlint/cli"]]
version = "21.2.1"
backend = "npm:@commitlint/cli"

[[tools."npm:oxfmt"]]
version = "0.59.0"
backend = "npm:oxfmt"

[[tools."npm:oxlint"]]
version = "1.74.0"
backend = "npm:oxlint"

[[tools."npm:oxlint-tsgolint"]]
version = "0.25.0"
backend = "npm:oxlint-tsgolint"

[[tools."npm:tsdown"]]
version = "0.22.9"
backend = "npm:tsdown"

[[tools."pipx:yamllint"]]
version = "1.38.0"
backend = "pipx:yamllint"

[[tools.typst]]
version = "0.15.1"
backend = "aqua:typst/typst"

[tools.typst."platforms.linux-arm64"]
checksum = "sha256:5aa8d74a3d906e60ea12a66ac2f37f8eef1b14cbad7182a745e393a10c23dcee"
url = "https://github.com/typst/typst/releases/download/v0.15.1/typst-aarch64-unknown-linux-musl.tar.xz"
url_api = "https://api.github.com/repos/typst/typst/releases/assets/480300408"

[tools.typst."platforms.linux-arm64-musl"]
checksum = "sha256:5aa8d74a3d906e60ea12a66ac2f37f8eef1b14cbad7182a745e393a10c23dcee"
url = "https://github.com/typst/typst/releases/download/v0.15.1/typst-aarch64-unknown-linux-musl.tar.xz"
url_api = "https://api.github.com/repos/typst/typst/releases/assets/480300408"

[tools.typst."platforms.linux-x64"]
checksum = "sha256:a6d077d0a95eed5a2eba715b2dae06be954f624ccbf85758a03f389ded33118c"
url = "https://github.com/typst/typst/releases/download/v0.15.1/typst-x86_64-unknown-linux-musl.tar.xz"
url_api = "https://api.github.com/repos/typst/typst/releases/assets/480300761"

[tools.typst."platforms.linux-x64-musl"]
checksum = "sha256:a6d077d0a95eed5a2eba715b2dae06be954f624ccbf85758a03f389ded33118c"
url = "https://github.com/typst/typst/releases/download/v0.15.1/typst-x86_64-unknown-linux-musl.tar.xz"
url_api = "https://api.github.com/repos/typst/typst/releases/assets/480300761"

[tools.typst."platforms.macos-arm64"]
checksum = "sha256:48f62ed034aa3a7978309579ac6ca00045e2ef0da73114e8af27cfd8e74dc05a"
url = "https://github.com/typst/typst/releases/download/v0.15.1/typst-aarch64-apple-darwin.tar.xz"
url_api = "https://api.github.com/repos/typst/typst/releases/assets/480299147"

[tools.typst."platforms.macos-x64"]
checksum = "sha256:7f9fdd9584866245de9a79e0add8f9236fae6f40a8a45e2c4771ccc14db4e0fa"
url = "https://github.com/typst/typst/releases/download/v0.15.1/typst-x86_64-apple-darwin.tar.xz"
url_api = "https://api.github.com/repos/typst/typst/releases/assets/480300018"

[tools.typst."platforms.windows-x64"]
checksum = "sha256:19ce3551153c2fe7ee9fa2f95208310c8f4d3209fedb699e0333faf8913f6736"
url = "https://github.com/typst/typst/releases/download/v0.15.1/typst-x86_64-pc-windows-msvc.zip"
url_api = "https://api.github.com/repos/typst/typst/releases/assets/480303335"

[[tools.weave-cli]]
version = "0.3.6"
backend = "github:ataraxy-labs/weave"

[tools.weave-cli.options]
matching = "weave-cli"

[tools.weave-cli."platforms.linux-arm64"]
checksum = "sha256:6cd05da1a5e2371ea2f66f1477891ffb5ee818d4cd8788c9fde455471ebc2345"
url = "https://github.com/Ataraxy-Labs/weave/releases/download/v0.3.6/weave-cli-aarch64-unknown-linux-gnu.tar.gz"
url_api = "https://api.github.com/repos/Ataraxy-Labs/weave/releases/assets/439565747"

[tools.weave-cli."platforms.linux-arm64-musl"]
checksum = "sha256:6cd05da1a5e2371ea2f66f1477891ffb5ee818d4cd8788c9fde455471ebc2345"
url = "https://github.com/Ataraxy-Labs/weave/releases/download/v0.3.6/weave-cli-aarch64-unknown-linux-gnu.tar.gz"
url_api = "https://api.github.com/repos/Ataraxy-Labs/weave/releases/assets/439565747"

[tools.weave-cli."platforms.linux-x64"]
checksum = "sha256:372d7de3166d3ce27e51318c12f573433a0c863093872c2ff2acf42f8a247f82"
url = "https://github.com/Ataraxy-Labs/weave/releases/download/v0.3.6/weave-cli-x86_64-unknown-linux-gnu.tar.gz"
url_api = "https://api.github.com/repos/Ataraxy-Labs/weave/releases/assets/439565751"

[tools.weave-cli."platforms.linux-x64-musl"]
checksum = "sha256:372d7de3166d3ce27e51318c12f573433a0c863093872c2ff2acf42f8a247f82"
url = "https://github.com/Ataraxy-Labs/weave/releases/download/v0.3.6/weave-cli-x86_64-unknown-linux-gnu.tar.gz"
url_api = "https://api.github.com/repos/Ataraxy-Labs/weave/releases/assets/439565751"

[tools.weave-cli."platforms.macos-arm64"]
checksum = "sha256:1ca4978fd4509022cf74e8bd7ae4cf14028c6df1b2130e1c876138048996f537"
url = "https://github.com/Ataraxy-Labs/weave/releases/download/v0.3.6/weave-cli-aarch64-apple-darwin.tar.gz"
url_api = "https://api.github.com/repos/Ataraxy-Labs/weave/releases/assets/439565754"

[tools.weave-cli."platforms.macos-x64"]
checksum = "sha256:dd99e25e5e5fd072e3ec976dc16456642cf4db3162bb365e4db5cb501b950a0a"
url = "https://github.com/Ataraxy-Labs/weave/releases/download/v0.3.6/weave-cli-x86_64-apple-darwin.tar.gz"
url_api = "https://api.github.com/repos/Ataraxy-Labs/weave/releases/assets/439565752"

[tools.weave-cli."platforms.windows-x64"]
checksum = "sha256:3c4eb3772a3924724bf8b28efcaf100434875ba3d196c3ccd9aec0f7a1332eec"
url = "https://github.com/Ataraxy-Labs/weave/releases/download/v0.3.6/weave-cli-x86_64-pc-windows-msvc.zip"
url_api = "https://api.github.com/repos/Ataraxy-Labs/weave/releases/assets/439565757"

[[tools.weave-mcp]]
version = "0.3.6"
backend = "github:ataraxy-labs/weave"

[tools.weave-mcp.options]
matching = "weave-mcp"

[tools.weave-mcp."platforms.linux-arm64"]
checksum = "sha256:4a7433c0fefb36438fd842fb0d9ac865aa9d2cadb8a55b72ded8ff20e0423dff"
url = "https://github.com/Ataraxy-Labs/weave/releases/download/v0.3.6/weave-mcp-aarch64-unknown-linux-gnu.tar.gz"
url_api = "https://api.github.com/repos/Ataraxy-Labs/weave/releases/assets/439565749"

[tools.weave-mcp."platforms.linux-arm64-musl"]
checksum = "sha256:4a7433c0fefb36438fd842fb0d9ac865aa9d2cadb8a55b72ded8ff20e0423dff"
url = "https://github.com/Ataraxy-Labs/weave/releases/download/v0.3.6/weave-mcp-aarch64-unknown-linux-gnu.tar.gz"
url_api = "https://api.github.com/repos/Ataraxy-Labs/weave/releases/assets/439565749"

[tools.weave-mcp."platforms.linux-x64"]
checksum = "sha256:5013c6d30d83a6e1099d32928f1e762a34128e7652d4add525fe26c1eb0bf77e"
url = "https://github.com/Ataraxy-Labs/weave/releases/download/v0.3.6/weave-mcp-x86_64-unknown-linux-gnu.tar.gz"
url_api = "https://api.github.com/repos/Ataraxy-Labs/weave/releases/assets/439565746"

[tools.weave-mcp."platforms.linux-x64-musl"]
checksum = "sha256:5013c6d30d83a6e1099d32928f1e762a34128e7652d4add525fe26c1eb0bf77e"
url = "https://github.com/Ataraxy-Labs/weave/releases/download/v0.3.6/weave-mcp-x86_64-unknown-linux-gnu.tar.gz"
url_api = "https://api.github.com/repos/Ataraxy-Labs/weave/releases/assets/439565746"

[tools.weave-mcp."platforms.macos-arm64"]
checksum = "sha256:42762a820c05b8551524e0ed03a8e6967b11b2ed34ae839eceeff517c0dc9d5b"
url = "https://github.com/Ataraxy-Labs/weave/releases/download/v0.3.6/weave-mcp-aarch64-apple-darwin.tar.gz"
url_api = "https://api.github.com/repos/Ataraxy-Labs/weave/releases/assets/439565742"

[tools.weave-mcp."platforms.macos-x64"]
checksum = "sha256:3d936d2a7950430bea94d94229609a99578bf722b4bf9ff8b728a39d995ed83d"
url = "https://github.com/Ataraxy-Labs/weave/releases/download/v0.3.6/weave-mcp-x86_64-apple-darwin.tar.gz"
url_api = "https://api.github.com/repos/Ataraxy-Labs/weave/releases/assets/439565744"

[tools.weave-mcp."platforms.windows-x64"]
checksum = "sha256:df3fe0dd878a4be9f0379320a8fd53a627c0bb6064b2f3de81443c24467c6ff6"
url = "https://github.com/Ataraxy-Labs/weave/releases/download/v0.3.6/weave-mcp-x86_64-pc-windows-msvc.zip"
url_api = "https://api.github.com/repos/Ataraxy-Labs/weave/releases/assets/439565758"
