# @generated - this file is auto-generated by `mise lock` https://mise.en.dev/dev-tools/mise-lock.html

[[tools."aqua:anchore/grype"]]
version = "0.117.0"
backend = "aqua:anchore/grype"

[tools."aqua:anchore/grype"."platforms.linux-arm64"]
checksum = "sha256:935f628bdf9331ffdd946931ea5fdb50045d3970ba52670cbeb44a88f127291b"
url = "https://github.com/anchore/grype/releases/download/v0.117.0/grype_0.117.0_linux_arm64.tar.gz"
url_api = "https://api.github.com/repos/anchore/grype/releases/assets/509013291"

[tools."aqua:anchore/grype"."platforms.linux-arm64-musl"]
checksum = "sha256:935f628bdf9331ffdd946931ea5fdb50045d3970ba52670cbeb44a88f127291b"
url = "https://github.com/anchore/grype/releases/download/v0.117.0/grype_0.117.0_linux_arm64.tar.gz"
url_api = "https://api.github.com/repos/anchore/grype/releases/assets/509013291"

[tools."aqua:anchore/grype"."platforms.linux-x64"]
checksum = "sha256:38525dab1e06f162ebaa02f94d82d1f807076b011a44180cf2777edf1a7b9c26"
url = "https://github.com/anchore/grype/releases/download/v0.117.0/grype_0.117.0_linux_amd64.tar.gz"
url_api = "https://api.github.com/repos/anchore/grype/releases/assets/509013292"

[tools."aqua:anchore/grype"."platforms.linux-x64-musl"]
checksum = "sha256:38525dab1e06f162ebaa02f94d82d1f807076b011a44180cf2777edf1a7b9c26"
url = "https://github.com/anchore/grype/releases/download/v0.117.0/grype_0.117.0_linux_amd64.tar.gz"
url_api = "https://api.github.com/repos/anchore/grype/releases/assets/509013292"

[tools."aqua:anchore/grype"."platforms.macos-arm64"]
checksum = "sha256:bfcefa3f3b1690d9c77d847841b32ebd6106ab0e0e32f810924707e704d53584"
url = "https://github.com/anchore/grype/releases/download/v0.117.0/grype_0.117.0_darwin_arm64.tar.gz"
url_api = "https://api.github.com/repos/anchore/grype/releases/assets/509013345"

[tools."aqua:anchore/grype"."platforms.macos-x64"]
checksum = "sha256:312ed375dcda6d8893b4ca5d517371fef1a50062ebb0b0dbe6bdb4ac2fb57c57"
url = "https://github.com/anchore/grype/releases/download/v0.117.0/grype_0.117.0_darwin_amd64.tar.gz"
url_api = "https://api.github.com/repos/anchore/grype/releases/assets/509013346"

[tools."aqua:anchore/grype"."platforms.windows-x64"]
checksum = "sha256:7728ee9c06792e62444bd651274e4dd1e30eec02eee1266bb6c9c9d237d0f0cb"
url = "https://github.com/anchore/grype/releases/download/v0.117.0/grype_0.117.0_windows_amd64.zip"
url_api = "https://api.github.com/repos/anchore/grype/releases/assets/509013347"

[[tools."aqua:anchore/syft"]]
version = "1.51.0"
backend = "aqua:anchore/syft"

[tools."aqua:anchore/syft"."platforms.linux-arm64"]
checksum = "sha256:6c0466811541ea03add5213a60a1562f0851e4c0b0ecfdee1a694a9455285900"
url = "https://github.com/anchore/syft/releases/download/v1.51.0/syft_1.51.0_linux_arm64.tar.gz"
url_api = "https://api.github.com/repos/anchore/syft/releases/assets/508878652"

[tools."aqua:anchore/syft"."platforms.linux-arm64-musl"]
checksum = "sha256:6c0466811541ea03add5213a60a1562f0851e4c0b0ecfdee1a694a9455285900"
url = "https://github.com/anchore/syft/releases/download/v1.51.0/syft_1.51.0_linux_arm64.tar.gz"
url_api = "https://api.github.com/repos/anchore/syft/releases/assets/508878652"

[tools."aqua:anchore/syft"."platforms.linux-x64"]
checksum = "sha256:2a2e837a2c8d59ec9af5472ee22d3b04ee463c4e44476ecf993fd1e5ab6ebc7f"
url = "https://github.com/anchore/syft/releases/download/v1.51.0/syft_1.51.0_linux_amd64.tar.gz"
url_api = "https://api.github.com/repos/anchore/syft/releases/assets/508878656"

[tools."aqua:anchore/syft"."platforms.linux-x64-musl"]
checksum = "sha256:2a2e837a2c8d59ec9af5472ee22d3b04ee463c4e44476ecf993fd1e5ab6ebc7f"
url = "https://github.com/anchore/syft/releases/download/v1.51.0/syft_1.51.0_linux_amd64.tar.gz"
url_api = "https://api.github.com/repos/anchore/syft/releases/assets/508878656"

[tools."aqua:anchore/syft"."platforms.macos-arm64"]
checksum = "sha256:4f37f4c7fefce0a68e4cf71ba3f5f9829a99e65d89b29f7ee41b8c2c10ea8c59"
url = "https://github.com/anchore/syft/releases/download/v1.51.0/syft_1.51.0_darwin_arm64.tar.gz"
url_api = "https://api.github.com/repos/anchore/syft/releases/assets/508878653"

[tools."aqua:anchore/syft"."platforms.macos-x64"]
checksum = "sha256:cddf9a044145caf0a1a3194d00d1dd51a1666f4814f2919cdb4768a0c062ad95"
url = "https://github.com/anchore/syft/releases/download/v1.51.0/syft_1.51.0_darwin_amd64.tar.gz"
url_api = "https://api.github.com/repos/anchore/syft/releases/assets/508878649"

[tools."aqua:anchore/syft"."platforms.windows-x64"]
checksum = "sha256:fc5ffaeffb993576ece9c791da5a688fb2c8969a1479bbfe58583672c64da336"
url = "https://github.com/anchore/syft/releases/download/v1.51.0/syft_1.51.0_windows_amd64.zip"
url_api = "https://api.github.com/repos/anchore/syft/releases/assets/508878657"

[[tools.aube]]
version = "1.40.0"
backend = "github:endevco/aube"

[tools.aube."platforms.linux-arm64"]
checksum = "sha256:166a2a9ec4b006a3f3991b50b426f6fdf808bbb9b87b45eeaff199e4919f2ce2"
url = "https://github.com/jdx/aube/releases/download/v1.40.0/aube-v1.40.0-aarch64-unknown-linux-gnu.tar.gz"
url_api = "https://api.github.com/repos/jdx/aube/releases/assets/513113769"
provenance = "github-attestations"

[tools.aube."platforms.linux-arm64-musl"]
checksum = "sha256:15c641b223251901c0466d1fdbcd2488213c204847ada609bbaf70b978620728"
url = "https://github.com/jdx/aube/releases/download/v1.40.0/aube-v1.40.0-aarch64-unknown-linux-musl.tar.gz"
url_api = "https://api.github.com/repos/jdx/aube/releases/assets/513074325"
provenance = "github-attestations"

[tools.aube."platforms.linux-x64"]
checksum = "sha256:fb4ca338cedb1a349abdca2ea57135faa6f63a78d85cf64af60aaf1a645af736"
url = "https://github.com/jdx/aube/releases/download/v1.40.0/aube-v1.40.0-x86_64-unknown-linux-gnu.tar.gz"
url_api = "https://api.github.com/repos/jdx/aube/releases/assets/513090652"
provenance = "github-attestations"

[tools.aube."platforms.linux-x64-musl"]
checksum = "sha256:e95c62fc21ae1e5f169a945f0b50d3b5b276b87e075ff9dc0511020bc51d29ea"
url = "https://github.com/jdx/aube/releases/download/v1.40.0/aube-v1.40.0-x86_64-unknown-linux-musl.tar.gz"
url_api = "https://api.github.com/repos/jdx/aube/releases/assets/513091441"
provenance = "github-attestations"

[tools.aube."platforms.macos-arm64"]
checksum = "sha256:9aaf56a7cb105449677084825c73816743e3df504861351a5af06c596e6f84e4"
url = "https://github.com/jdx/aube/releases/download/v1.40.0/aube-v1.40.0-aarch64-apple-darwin.tar.gz"
url_api = "https://api.github.com/repos/jdx/aube/releases/assets/513152932"
provenance = "github-attestations"
provenance_verified = true

[tools.aube."platforms.macos-x64"]
checksum = "sha256:dc079763a48f246a2b8fd54754015559f2d93b81eff990902c675e29ff534811"
url = "https://github.com/jdx/aube/releases/download/v1.40.0/libaube-x86_64-apple-darwin.dylib"
url_api = "https://api.github.com/repos/jdx/aube/releases/assets/513084542"
provenance = "github-attestations"

[tools.aube."platforms.windows-x64"]
checksum = "sha256:79ceeded5550d422edee5ad0b24a64c6d1a386aa368f6d87fe551a2a6cdf7447"
url = "https://github.com/jdx/aube/releases/download/v1.40.0/aube-v1.40.0-x86_64-pc-windows-msvc.zip"
url_api = "https://api.github.com/repos/jdx/aube/releases/assets/513087946"
provenance = "github-attestations"

[[tools."cargo:adrs"]]
version = "0.11.0"
backend = "cargo:adrs"

[[tools."cargo:b3sum"]]
version = "1.8.6"
backend = "cargo:b3sum"

[[tools."cargo:cargo-afl"]]
version = "0.18.2"
backend = "cargo:cargo-afl"

[tools."cargo:cargo-afl".options]
default-features = "false"

[[tools."cargo:cargo-autoinherit"]]
version = "0.1.6"
backend = "cargo:cargo-autoinherit"

[[tools."cargo:cargo-binstall"]]
version = "1.21.1"
backend = "cargo:cargo-binstall"

[[tools."cargo:cargo-careful"]]
version = "0.4.10"
backend = "cargo:cargo-careful"

[[tools."cargo:cargo-dylint"]]
version = "6.0.4"
backend = "cargo:cargo-dylint"

[[tools."cargo:cargo-llvm-cov"]]
version = "0.8.7"
backend = "cargo:cargo-llvm-cov"

[[tools."cargo:cargo-mutants"]]
version = "27.1.0"
backend = "cargo:cargo-mutants"

[[tools."cargo:cargo-nextest"]]
version = "0.9.143"
backend = "cargo:cargo-nextest"

[[tools."cargo:coreutils"]]
version = "0.10.0"
backend = "cargo:coreutils"

[[tools."cargo:dylint-link"]]
version = "6.0.4"
backend = "cargo:dylint-link"

[[tools."cargo:nu"]]
version = "0.113.1"
backend = "cargo:nu"

[[tools."cargo:prek"]]
version = "0.4.13"
backend = "cargo:prek"

[[tools."cargo:rumdl"]]
version = "0.2.55"
backend = "cargo:rumdl"

[[tools."cargo:sizelint"]]
version = "0.1.5"
backend = "cargo:sizelint"

[[tools."cargo:typos-cli"]]
version = "1.49.0"
backend = "cargo:typos-cli"

[[tools."cargo:worktrunk"]]
version = "0.74.0"
backend = "cargo:worktrunk"

[[tools."github:numtide/treefmt"]]
version = "2.5.0"
backend = "github:numtide/treefmt"

[tools."github:numtide/treefmt"."platforms.linux-arm64"]
checksum = "sha256:fce47c6fc8cb6a87461b1309fc6d3102eade64b6fe0c9b86678b4eed9eb00e57"
url = "https://github.com/numtide/treefmt/releases/download/v2.5.0/treefmt_2.5.0_linux_arm64.tar.gz"
url_api = "https://api.github.com/repos/numtide/treefmt/releases/assets/391045230"

[tools."github:numtide/treefmt"."platforms.linux-arm64-musl"]
checksum = "sha256:fce47c6fc8cb6a87461b1309fc6d3102eade64b6fe0c9b86678b4eed9eb00e57"
url = "https://github.com/numtide/treefmt/releases/download/v2.5.0/treefmt_2.5.0_linux_arm64.tar.gz"
url_api = "https://api.github.com/repos/numtide/treefmt/releases/assets/391045230"

[tools."github:numtide/treefmt"."platforms.linux-x64"]
checksum = "sha256:95f707bf9666d08b50888b116768fd77f042ad5af92aa3b795f063160e72758f"
url = "https://github.com/numtide/treefmt/releases/download/v2.5.0/treefmt_2.5.0_linux_amd64.tar.gz"
url_api = "https://api.github.com/repos/numtide/treefmt/releases/assets/391045232"

[tools."github:numtide/treefmt"."platforms.linux-x64-musl"]
checksum = "sha256:95f707bf9666d08b50888b116768fd77f042ad5af92aa3b795f063160e72758f"
url = "https://github.com/numtide/treefmt/releases/download/v2.5.0/treefmt_2.5.0_linux_amd64.tar.gz"
url_api = "https://api.github.com/repos/numtide/treefmt/releases/assets/391045232"

[tools."github:numtide/treefmt"."platforms.macos-arm64"]
checksum = "sha256:a3cdfa8e92eb7c302bb851f73800187e75d5789f2a75835b403b158d77b2c376"
url = "https://github.com/numtide/treefmt/releases/download/v2.5.0/treefmt_2.5.0_darwin_arm64.tar.gz"
url_api = "https://api.github.com/repos/numtide/treefmt/releases/assets/391045242"

[tools."github:numtide/treefmt"."platforms.macos-x64"]
checksum = "sha256:21388b1f7d6c2f572e1ce9231f7dfc08f80a062438908791ab078c1d76b10a49"
url = "https://github.com/numtide/treefmt/releases/download/v2.5.0/treefmt_2.5.0_darwin_amd64.tar.gz"
url_api = "https://api.github.com/repos/numtide/treefmt/releases/assets/391045231"

[[tools."github:superradcompany/microsandbox"]]
version = "0.6.9"
backend = "github:superradcompany/microsandbox"

[tools."github:superradcompany/microsandbox".options]
matching_regex = "^microsandbox-"

[tools."github:superradcompany/microsandbox"."platforms.linux-arm64"]
checksum = "sha256:1e791ddf8e9b445e6de58c3a069f97eb7bd8406ff7b14bb3af0214ac644249f1"
url = "https://github.com/superradcompany/microsandbox/releases/download/v0.6.9/microsandbox-linux-aarch64.tar.gz"
url_api = "https://api.github.com/repos/superradcompany/microsandbox/releases/assets/515276221"
provenance = "github-attestations"

[tools."github:superradcompany/microsandbox"."platforms.linux-arm64-musl"]
checksum = "sha256:1e791ddf8e9b445e6de58c3a069f97eb7bd8406ff7b14bb3af0214ac644249f1"
url = "https://github.com/superradcompany/microsandbox/releases/download/v0.6.9/microsandbox-linux-aarch64.tar.gz"
url_api = "https://api.github.com/repos/superradcompany/microsandbox/releases/assets/515276221"
provenance = "github-attestations"

[tools."github:superradcompany/microsandbox"."platforms.linux-x64"]
checksum = "sha256:8e90eadfe12166b1f4d933954a5486fad144c06366c284a60f030dc1daa0deb6"
url = "https://github.com/superradcompany/microsandbox/releases/download/v0.6.9/microsandbox-linux-x86_64.tar.gz"
url_api = "https://api.github.com/repos/superradcompany/microsandbox/releases/assets/515276224"
provenance = "github-attestations"

[tools."github:superradcompany/microsandbox"."platforms.linux-x64-musl"]
checksum = "sha256:8e90eadfe12166b1f4d933954a5486fad144c06366c284a60f030dc1daa0deb6"
url = "https://github.com/superradcompany/microsandbox/releases/download/v0.6.9/microsandbox-linux-x86_64.tar.gz"
url_api = "https://api.github.com/repos/superradcompany/microsandbox/releases/assets/515276224"
provenance = "github-attestations"

[tools."github:superradcompany/microsandbox"."platforms.macos-arm64"]
checksum = "sha256:af0d2a89dbb7f8417f05e638c4bd56a367bf63e5992eee4d5d567dfdfde8034b"
url = "https://github.com/superradcompany/microsandbox/releases/download/v0.6.9/microsandbox-darwin-aarch64.tar.gz"
url_api = "https://api.github.com/repos/superradcompany/microsandbox/releases/assets/515276220"
provenance = "github-attestations"
provenance_verified = true

[tools."github:superradcompany/microsandbox"."platforms.windows-x64"]
checksum = "sha256:a425f9af8d8e44eeda7adc98a1d10b8759150eec78d3c04db47172242576a75c"
url = "https://github.com/superradcompany/microsandbox/releases/download/v0.6.9/microsandbox-windows-x86_64.zip"
url_api = "https://api.github.com/repos/superradcompany/microsandbox/releases/assets/515276249"
provenance = "github-attestations"

[[tools."github:tombi-toml/tombi"]]
version = "1.4.0"
backend = "github:tombi-toml/tombi"

[tools."github:tombi-toml/tombi"."platforms.linux-arm64"]
checksum = "sha256:b70750d462954294c354a014bb90399273876b953c21e3a136aafd3d1d41f5e8"
url = "https://github.com/tombi-toml/tombi/releases/download/v1.4.0/tombi-cli-1.4.0-aarch64-unknown-linux-musl.tar.gz"
url_api = "https://api.github.com/repos/tombi-toml/tombi/releases/assets/513163060"
provenance = "github-attestations"

[tools."github:tombi-toml/tombi"."platforms.linux-arm64-musl"]
checksum = "sha256:b70750d462954294c354a014bb90399273876b953c21e3a136aafd3d1d41f5e8"
url = "https://github.com/tombi-toml/tombi/releases/download/v1.4.0/tombi-cli-1.4.0-aarch64-unknown-linux-musl.tar.gz"
url_api = "https://api.github.com/repos/tombi-toml/tombi/releases/assets/513163060"
provenance = "github-attestations"

[tools."github:tombi-toml/tombi"."platforms.linux-x64"]
checksum = "sha256:e2dc1190e0590b1fd0581fa8f85017215ed9b05a4d85c1cf18e0979b6cf24fe1"
url = "https://github.com/tombi-toml/tombi/releases/download/v1.4.0/tombi-cli-1.4.0-x86_64-unknown-linux-musl.tar.gz"
url_api = "https://api.github.com/repos/tombi-toml/tombi/releases/assets/513163088"
provenance = "github-attestations"

[tools."github:tombi-toml/tombi"."platforms.linux-x64-musl"]
checksum = "sha256:e2dc1190e0590b1fd0581fa8f85017215ed9b05a4d85c1cf18e0979b6cf24fe1"
url = "https://github.com/tombi-toml/tombi/releases/download/v1.4.0/tombi-cli-1.4.0-x86_64-unknown-linux-musl.tar.gz"
url_api = "https://api.github.com/repos/tombi-toml/tombi/releases/assets/513163088"
provenance = "github-attestations"

[tools."github:tombi-toml/tombi"."platforms.macos-arm64"]
checksum = "sha256:248159d26488f11fe8c36b9239b1ab84abe3533f4a5d8d066e56c091a99ffde1"
url = "https://github.com/tombi-toml/tombi/releases/download/v1.4.0/tombi-cli-1.4.0-aarch64-apple-darwin.tar.gz"
url_api = "https://api.github.com/repos/tombi-toml/tombi/releases/assets/513163062"
provenance = "github-attestations"
provenance_verified = true

[tools."github:tombi-toml/tombi"."platforms.macos-x64"]
checksum = "sha256:7016e0028bf0ff122faeb49b0bb248c9d73885ce73b8ada26be6248e207977bc"
url = "https://github.com/tombi-toml/tombi/releases/download/v1.4.0/tombi-cli-1.4.0-x86_64-apple-darwin.tar.gz"
url_api = "https://api.github.com/repos/tombi-toml/tombi/releases/assets/513163065"
provenance = "github-attestations"

[tools."github:tombi-toml/tombi"."platforms.windows-x64"]
checksum = "sha256:376f26ef04c32b7de57352fb1572d550d2f728958f00bfa585cec94a1df677ab"
url = "https://github.com/tombi-toml/tombi/releases/download/v1.4.0/tombi-cli-1.4.0-x86_64-pc-windows-msvc.zip"
url_api = "https://api.github.com/repos/tombi-toml/tombi/releases/assets/513163086"
provenance = "github-attestations"

[[tools.node]]
version = "26.7.0"
backend = "core:node"

[tools.node."platforms.linux-arm64"]
checksum = "sha256:925aa6157dd37542d0d7f2e28b7bf61e7b39284411210b0498bc3788db4aef68"
url = "https://nodejs.org/dist/v26.7.0/node-v26.7.0-linux-arm64.tar.gz"

[tools.node."platforms.linux-arm64-musl"]
checksum = "sha256:1f16cc0f6febcb1bed1d4550306806dbcfbaf5c1bc2f44f3c5c8b5d22a4cc27a"
url = "https://unofficial-builds.nodejs.org/download/release/v26.7.0/node-v26.7.0-linux-arm64-musl.tar.gz"

[tools.node."platforms.linux-x64"]
checksum = "sha256:bd6b6c31e377bad9ad579bed72e5bc11f4c879ac9452ad51d30e646ea3d828df"
url = "https://nodejs.org/dist/v26.7.0/node-v26.7.0-linux-x64.tar.gz"

[tools.node."platforms.linux-x64-musl"]
checksum = "sha256:5dc0180e7684ede6fc9d9e6333da45686f4b5a7820729d33c68335b283337295"
url = "https://unofficial-builds.nodejs.org/download/release/v26.7.0/node-v26.7.0-linux-x64-musl.tar.gz"

[tools.node."platforms.macos-arm64"]
checksum = "sha256:7ee659a7768e641bbfd5360940660b8e8fd0052f77488f365562bac522fc15d4"
url = "https://nodejs.org/dist/v26.7.0/node-v26.7.0-darwin-arm64.tar.gz"

[tools.node."platforms.macos-x64"]
checksum = "sha256:f279d1ed28ce57f7788bf23435d2ad7fdd7438904ad5c4d8a1081a7cde3d4b96"
url = "https://nodejs.org/dist/v26.7.0/node-v26.7.0-darwin-x64.tar.gz"

[tools.node."platforms.windows-x64"]
checksum = "sha256:d3bd72755141ed32bbcd841228ee81897c8a98d50dfa7dae2179399a0a7c90f8"
url = "https://nodejs.org/dist/v26.7.0/node-v26.7.0-win-x64.zip"

[[tools."npm:@commitlint/cli"]]
version = "21.2.2"
backend = "npm:@commitlint/cli"

[[tools."npm:oxfmt"]]
version = "0.63.0"
backend = "npm:oxfmt"

[[tools."npm:oxlint"]]
version = "1.78.0"
backend = "npm:oxlint"

[[tools."npm:oxlint-tsgolint"]]
version = "7.0.2001"
backend = "npm:oxlint-tsgolint"

[[tools."npm:tsdown"]]
version = "0.22.14"
backend = "npm:tsdown"

[[tools.typst]]
version = "0.15.1"
backend = "aqua:typst/typst"

[tools.typst."platforms.linux-arm64"]
checksum = "sha256:5aa8d74a3d906e60ea12a66ac2f37f8eef1b14cbad7182a745e393a10c23dcee"
url = "https://github.com/typst/typst/releases/download/v0.15.1/typst-aarch64-unknown-linux-musl.tar.xz"
url_api = "https://api.github.com/repos/typst/typst/releases/assets/480300408"

[tools.typst."platforms.linux-arm64-musl"]
checksum = "sha256:5aa8d74a3d906e60ea12a66ac2f37f8eef1b14cbad7182a745e393a10c23dcee"
url = "https://github.com/typst/typst/releases/download/v0.15.1/typst-aarch64-unknown-linux-musl.tar.xz"
url_api = "https://api.github.com/repos/typst/typst/releases/assets/480300408"

[tools.typst."platforms.linux-x64"]
checksum = "sha256:a6d077d0a95eed5a2eba715b2dae06be954f624ccbf85758a03f389ded33118c"
url = "https://github.com/typst/typst/releases/download/v0.15.1/typst-x86_64-unknown-linux-musl.tar.xz"
url_api = "https://api.github.com/repos/typst/typst/releases/assets/480300761"

[tools.typst."platforms.linux-x64-musl"]
checksum = "sha256:a6d077d0a95eed5a2eba715b2dae06be954f624ccbf85758a03f389ded33118c"
url = "https://github.com/typst/typst/releases/download/v0.15.1/typst-x86_64-unknown-linux-musl.tar.xz"
url_api = "https://api.github.com/repos/typst/typst/releases/assets/480300761"

[tools.typst."platforms.macos-arm64"]
checksum = "sha256:48f62ed034aa3a7978309579ac6ca00045e2ef0da73114e8af27cfd8e74dc05a"
url = "https://github.com/typst/typst/releases/download/v0.15.1/typst-aarch64-apple-darwin.tar.xz"
url_api = "https://api.github.com/repos/typst/typst/releases/assets/480299147"

[tools.typst."platforms.macos-x64"]
checksum = "sha256:7f9fdd9584866245de9a79e0add8f9236fae6f40a8a45e2c4771ccc14db4e0fa"
url = "https://github.com/typst/typst/releases/download/v0.15.1/typst-x86_64-apple-darwin.tar.xz"
url_api = "https://api.github.com/repos/typst/typst/releases/assets/480300018"

[tools.typst."platforms.windows-x64"]
checksum = "sha256:19ce3551153c2fe7ee9fa2f95208310c8f4d3209fedb699e0333faf8913f6736"
url = "https://github.com/typst/typst/releases/download/v0.15.1/typst-x86_64-pc-windows-msvc.zip"
url_api = "https://api.github.com/repos/typst/typst/releases/assets/480303335"
