# @generated - this file is auto-generated by `mise lock` https://mise.en.dev/dev-tools/mise-lock.html

[[tools."aqua:anchore/grype"]]
version = "0.116.0"
backend = "aqua:anchore/grype"

[tools."aqua:anchore/grype"."platforms.linux-arm64"]
checksum = "sha256:7af3eed24f469b0cf3ab5ec4508d9c12f4bb9c2c6be714f32973c7b5d63cb6a5"
url = "https://github.com/anchore/grype/releases/download/v0.116.0/grype_0.116.0_linux_arm64.tar.gz"
url_api = "https://api.github.com/repos/anchore/grype/releases/assets/479407285"

[tools."aqua:anchore/grype"."platforms.linux-arm64-musl"]
checksum = "sha256:7af3eed24f469b0cf3ab5ec4508d9c12f4bb9c2c6be714f32973c7b5d63cb6a5"
url = "https://github.com/anchore/grype/releases/download/v0.116.0/grype_0.116.0_linux_arm64.tar.gz"
url_api = "https://api.github.com/repos/anchore/grype/releases/assets/479407285"

[tools."aqua:anchore/grype"."platforms.linux-x64"]
checksum = "sha256:40aff724297312f91ea390d003bed8d8651c74cc7f5b26732db80b3a408d2fc5"
url = "https://github.com/anchore/grype/releases/download/v0.116.0/grype_0.116.0_linux_amd64.tar.gz"
url_api = "https://api.github.com/repos/anchore/grype/releases/assets/479407286"

[tools."aqua:anchore/grype"."platforms.linux-x64-musl"]
checksum = "sha256:40aff724297312f91ea390d003bed8d8651c74cc7f5b26732db80b3a408d2fc5"
url = "https://github.com/anchore/grype/releases/download/v0.116.0/grype_0.116.0_linux_amd64.tar.gz"
url_api = "https://api.github.com/repos/anchore/grype/releases/assets/479407286"

[tools."aqua:anchore/grype"."platforms.macos-arm64"]
checksum = "sha256:9425c225d0d63d2b384baf2177d3aba713a2bfb800235848ce70169e78c9c5fa"
url = "https://github.com/anchore/grype/releases/download/v0.116.0/grype_0.116.0_darwin_arm64.tar.gz"
url_api = "https://api.github.com/repos/anchore/grype/releases/assets/479407307"

[tools."aqua:anchore/grype"."platforms.macos-x64"]
checksum = "sha256:92dc64f7f1c71f92f610b250d801837c75a3c7336cb44656e59c4f1a07939163"
url = "https://github.com/anchore/grype/releases/download/v0.116.0/grype_0.116.0_darwin_amd64.tar.gz"
url_api = "https://api.github.com/repos/anchore/grype/releases/assets/479407310"

[tools."aqua:anchore/grype"."platforms.windows-x64"]
checksum = "sha256:e5301bca123e7bb545a551cb6cc91a66b8400f65d6897005eca9f40fc16ce107"
url = "https://github.com/anchore/grype/releases/download/v0.116.0/grype_0.116.0_windows_amd64.zip"
url_api = "https://api.github.com/repos/anchore/grype/releases/assets/479407311"

[[tools."aqua:anchore/syft"]]
version = "1.49.0"
backend = "aqua:anchore/syft"

[tools."aqua:anchore/syft"."platforms.linux-arm64"]
checksum = "sha256:c7c32de183c32368de197edba75e8dba7632915f7761bacd55149a9ca7fe0fa4"
url = "https://github.com/anchore/syft/releases/download/v1.49.0/syft_1.49.0_linux_arm64.tar.gz"
url_api = "https://api.github.com/repos/anchore/syft/releases/assets/484701703"

[tools."aqua:anchore/syft"."platforms.linux-arm64-musl"]
checksum = "sha256:c7c32de183c32368de197edba75e8dba7632915f7761bacd55149a9ca7fe0fa4"
url = "https://github.com/anchore/syft/releases/download/v1.49.0/syft_1.49.0_linux_arm64.tar.gz"
url_api = "https://api.github.com/repos/anchore/syft/releases/assets/484701703"

[tools."aqua:anchore/syft"."platforms.linux-x64"]
checksum = "sha256:7aa2f03ee92739cf643279ba3990548b9925d4e22cae13f46831ee62821147fe"
url = "https://github.com/anchore/syft/releases/download/v1.49.0/syft_1.49.0_linux_amd64.tar.gz"
url_api = "https://api.github.com/repos/anchore/syft/releases/assets/484701708"

[tools."aqua:anchore/syft"."platforms.linux-x64-musl"]
checksum = "sha256:7aa2f03ee92739cf643279ba3990548b9925d4e22cae13f46831ee62821147fe"
url = "https://github.com/anchore/syft/releases/download/v1.49.0/syft_1.49.0_linux_amd64.tar.gz"
url_api = "https://api.github.com/repos/anchore/syft/releases/assets/484701708"

[tools."aqua:anchore/syft"."platforms.macos-arm64"]
checksum = "sha256:4d137302fb3e049cb1b124b1cbd840a77280dc9f50a45a5a4389250a2228b3cb"
url = "https://github.com/anchore/syft/releases/download/v1.49.0/syft_1.49.0_darwin_arm64.tar.gz"
url_api = "https://api.github.com/repos/anchore/syft/releases/assets/484701706"

[tools."aqua:anchore/syft"."platforms.macos-x64"]
checksum = "sha256:a18ba5c48a4e75d0d87cae7b36b93bdfc04ddd5ea69b87bec9f7cd9431a8cdb9"
url = "https://github.com/anchore/syft/releases/download/v1.49.0/syft_1.49.0_darwin_amd64.tar.gz"
url_api = "https://api.github.com/repos/anchore/syft/releases/assets/484701705"

[tools."aqua:anchore/syft"."platforms.windows-x64"]
checksum = "sha256:6edff6c6e06ddd43ae3b779099653f499a856009786b5375a7cf23aed6b67b1a"
url = "https://github.com/anchore/syft/releases/download/v1.49.0/syft_1.49.0_windows_amd64.zip"
url_api = "https://api.github.com/repos/anchore/syft/releases/assets/484701709"

[[tools.aube]]
version = "1.32.0"
backend = "github:endevco/aube"

[tools.aube."platforms.linux-arm64"]
checksum = "sha256:df67dc7a5de64e64d929431401f922ed73b7460f6e34af401d3f0c9b63abfb63"
url = "https://github.com/jdx/aube/releases/download/v1.32.0/aube-v1.32.0-aarch64-unknown-linux-gnu.tar.gz"
url_api = "https://api.github.com/repos/jdx/aube/releases/assets/485347368"
provenance = "github-attestations"

[tools.aube."platforms.linux-arm64-musl"]
checksum = "sha256:6ffb9e4d33054859a708856fe2ddd585888bc03dabbcd9d6ac3311963f6b2e96"
url = "https://github.com/jdx/aube/releases/download/v1.32.0/aube-v1.32.0-aarch64-unknown-linux-musl.tar.gz"
url_api = "https://api.github.com/repos/jdx/aube/releases/assets/485320976"
provenance = "github-attestations"

[tools.aube."platforms.linux-x64"]
checksum = "sha256:5419e7dbba887a4c1f7ae5675d86dd5d71fa3daa66053d16788e986c66078126"
url = "https://github.com/jdx/aube/releases/download/v1.32.0/aube-v1.32.0-x86_64-unknown-linux-gnu.tar.gz"
url_api = "https://api.github.com/repos/jdx/aube/releases/assets/485325644"
provenance = "github-attestations"

[tools.aube."platforms.linux-x64-musl"]
checksum = "sha256:bc74918c2adf8899b87599b1a43e3be001f42bed3fb44589f6955bca70657559"
url = "https://github.com/jdx/aube/releases/download/v1.32.0/aube-v1.32.0-x86_64-unknown-linux-musl.tar.gz"
url_api = "https://api.github.com/repos/jdx/aube/releases/assets/485325405"
provenance = "github-attestations"

[tools.aube."platforms.macos-arm64"]
checksum = "sha256:d4c883f6a41f064e587de948645d9128d282b12c3a42eac36920eaf1d63162fe"
url = "https://github.com/jdx/aube/releases/download/v1.32.0/aube-v1.32.0-aarch64-apple-darwin.tar.gz"
url_api = "https://api.github.com/repos/jdx/aube/releases/assets/485361741"
provenance = "github-attestations"

[tools.aube."platforms.macos-x64"]
checksum = "sha256:93a279e9080c0eabca6232eea035815babbba4c6e15a233342f9f243f497980e"
url = "https://github.com/jdx/aube/releases/download/v1.32.0/libaube-x86_64-apple-darwin.dylib"
url_api = "https://api.github.com/repos/jdx/aube/releases/assets/485329457"
provenance = "github-attestations"

[tools.aube."platforms.windows-x64"]
checksum = "sha256:94fc5c07b56da989f1fafbee24da285ea56451fbb27d9bca27dc558668af4121"
url = "https://github.com/jdx/aube/releases/download/v1.32.0/aube-v1.32.0-x86_64-pc-windows-msvc.zip"
url_api = "https://api.github.com/repos/jdx/aube/releases/assets/485332026"
provenance = "github-attestations"

[[tools."cargo:adrs"]]
version = "0.10.1"
backend = "cargo:adrs"

[[tools."cargo:b3sum"]]
version = "1.8.5"
backend = "cargo:b3sum"

[[tools."cargo:cargo-afl"]]
version = "0.18.2"
backend = "cargo:cargo-afl"

[tools."cargo:cargo-afl".options]
default-features = "false"

[[tools."cargo:cargo-autoinherit"]]
version = "0.1.6"
backend = "cargo:cargo-autoinherit"

[[tools."cargo:cargo-binstall"]]
version = "1.21.0"
backend = "cargo:cargo-binstall"

[[tools."cargo:cargo-careful"]]
version = "0.4.10"
backend = "cargo:cargo-careful"

[[tools."cargo:cargo-dylint"]]
version = "6.0.1"
backend = "cargo:cargo-dylint"

[[tools."cargo:cargo-llvm-cov"]]
version = "0.8.7"
backend = "cargo:cargo-llvm-cov"

[[tools."cargo:cargo-mutants"]]
version = "27.1.0"
backend = "cargo:cargo-mutants"

[[tools."cargo:cargo-nextest"]]
version = "0.9.140"
backend = "cargo:cargo-nextest"

[[tools."cargo:coreutils"]]
version = "0.9.0"
backend = "cargo:coreutils"

[[tools."cargo:dylint-link"]]
version = "6.0.1"
backend = "cargo:dylint-link"

[[tools."cargo:nu"]]
version = "0.113.1"
backend = "cargo:nu"

[[tools."cargo:prek"]]
version = "0.4.10"
backend = "cargo:prek"

[[tools."cargo:rumdl"]]
version = "0.2.42"
backend = "cargo:rumdl"

[[tools."cargo:sizelint"]]
version = "0.1.5"
backend = "cargo:sizelint"

[[tools."cargo:typos-cli"]]
version = "1.48.0"
backend = "cargo:typos-cli"

[[tools."cargo:uv"]]
version = "0.11.32"
backend = "cargo:uv"

[[tools."cargo:worktrunk"]]
version = "0.69.0"
backend = "cargo:worktrunk"

[[tools."github:agda/agda"]]
version = "2.8.0"
backend = "github:agda/agda"

[tools."github:agda/agda"."platforms.linux-arm64"]
checksum = "sha256:824081b8dcbe431289a50ac6bd83e451f390c51c3884ac7a8c4a5c0df2632faf"
url = "https://github.com/agda/agda/releases/download/v2.8.0/Agda-v2.8.0-linux.tar.xz"
url_api = "https://api.github.com/repos/agda/agda/releases/assets/270249125"

[tools."github:agda/agda"."platforms.linux-arm64-musl"]
checksum = "sha256:824081b8dcbe431289a50ac6bd83e451f390c51c3884ac7a8c4a5c0df2632faf"
url = "https://github.com/agda/agda/releases/download/v2.8.0/Agda-v2.8.0-linux.tar.xz"
url_api = "https://api.github.com/repos/agda/agda/releases/assets/270249125"

[tools."github:agda/agda"."platforms.linux-x64"]
checksum = "sha256:824081b8dcbe431289a50ac6bd83e451f390c51c3884ac7a8c4a5c0df2632faf"
url = "https://github.com/agda/agda/releases/download/v2.8.0/Agda-v2.8.0-linux.tar.xz"
url_api = "https://api.github.com/repos/agda/agda/releases/assets/270249125"

[tools."github:agda/agda"."platforms.linux-x64-musl"]
checksum = "sha256:824081b8dcbe431289a50ac6bd83e451f390c51c3884ac7a8c4a5c0df2632faf"
url = "https://github.com/agda/agda/releases/download/v2.8.0/Agda-v2.8.0-linux.tar.xz"
url_api = "https://api.github.com/repos/agda/agda/releases/assets/270249125"

[tools."github:agda/agda"."platforms.macos-arm64"]
checksum = "sha256:9a35071eb9747f984177f48e1ba7008a9cebccfc259a40a0a84b29ffc2ec2db6"
url = "https://github.com/agda/agda/releases/download/v2.8.0/Agda-v2.8.0-macOS-arm64.tar.xz"
url_api = "https://api.github.com/repos/agda/agda/releases/assets/270249124"

[tools."github:agda/agda"."platforms.macos-x64"]
checksum = "sha256:9d3b4f376bc9469b5e0c684bf06053f7dae327f7e4314f31f3edc866a9bb3bc5"
url = "https://github.com/agda/agda/releases/download/v2.8.0/Agda-v2.8.0-macOS-x64.tar.xz"
url_api = "https://api.github.com/repos/agda/agda/releases/assets/270249127"

[tools."github:agda/agda"."platforms.windows-x64"]
checksum = "sha256:5c97846c45dc8c43d79a5df3cc78ccf58bad710aac2182b70c4f5ede30af3cbc"
url = "https://github.com/agda/agda/releases/download/v2.8.0/Agda-v2.8.0-win64.zip"
url_api = "https://api.github.com/repos/agda/agda/releases/assets/270249126"

[[tools."github:numtide/treefmt"]]
version = "2.5.0"
backend = "github:numtide/treefmt"

[tools."github:numtide/treefmt"."platforms.linux-arm64"]
checksum = "sha256:fce47c6fc8cb6a87461b1309fc6d3102eade64b6fe0c9b86678b4eed9eb00e57"
url = "https://github.com/numtide/treefmt/releases/download/v2.5.0/treefmt_2.5.0_linux_arm64.tar.gz"
url_api = "https://api.github.com/repos/numtide/treefmt/releases/assets/391045230"

[tools."github:numtide/treefmt"."platforms.linux-arm64-musl"]
checksum = "sha256:fce47c6fc8cb6a87461b1309fc6d3102eade64b6fe0c9b86678b4eed9eb00e57"
url = "https://github.com/numtide/treefmt/releases/download/v2.5.0/treefmt_2.5.0_linux_arm64.tar.gz"
url_api = "https://api.github.com/repos/numtide/treefmt/releases/assets/391045230"

[tools."github:numtide/treefmt"."platforms.linux-x64"]
checksum = "sha256:95f707bf9666d08b50888b116768fd77f042ad5af92aa3b795f063160e72758f"
url = "https://github.com/numtide/treefmt/releases/download/v2.5.0/treefmt_2.5.0_linux_amd64.tar.gz"
url_api = "https://api.github.com/repos/numtide/treefmt/releases/assets/391045232"

[tools."github:numtide/treefmt"."platforms.linux-x64-musl"]
checksum = "sha256:95f707bf9666d08b50888b116768fd77f042ad5af92aa3b795f063160e72758f"
url = "https://github.com/numtide/treefmt/releases/download/v2.5.0/treefmt_2.5.0_linux_amd64.tar.gz"
url_api = "https://api.github.com/repos/numtide/treefmt/releases/assets/391045232"

[tools."github:numtide/treefmt"."platforms.macos-arm64"]
checksum = "sha256:a3cdfa8e92eb7c302bb851f73800187e75d5789f2a75835b403b158d77b2c376"
url = "https://github.com/numtide/treefmt/releases/download/v2.5.0/treefmt_2.5.0_darwin_arm64.tar.gz"
url_api = "https://api.github.com/repos/numtide/treefmt/releases/assets/391045242"

[tools."github:numtide/treefmt"."platforms.macos-x64"]
checksum = "sha256:21388b1f7d6c2f572e1ce9231f7dfc08f80a062438908791ab078c1d76b10a49"
url = "https://github.com/numtide/treefmt/releases/download/v2.5.0/treefmt_2.5.0_darwin_amd64.tar.gz"
url_api = "https://api.github.com/repos/numtide/treefmt/releases/assets/391045231"

[[tools."github:superradcompany/microsandbox"]]
version = "0.6.6"
backend = "github:superradcompany/microsandbox"

[tools."github:superradcompany/microsandbox".options]
matching_regex = "^microsandbox-"

[tools."github:superradcompany/microsandbox"."platforms.linux-arm64"]
checksum = "sha256:13172883566eef2a3d9329a39351d72d74554ef48a68d3c9b0eb94c2ab5e0719"
url = "https://github.com/superradcompany/microsandbox/releases/download/v0.6.6/microsandbox-linux-aarch64.tar.gz"
url_api = "https://api.github.com/repos/superradcompany/microsandbox/releases/assets/469505196"
provenance = "github-attestations"

[tools."github:superradcompany/microsandbox"."platforms.linux-arm64-musl"]
checksum = "sha256:13172883566eef2a3d9329a39351d72d74554ef48a68d3c9b0eb94c2ab5e0719"
url = "https://github.com/superradcompany/microsandbox/releases/download/v0.6.6/microsandbox-linux-aarch64.tar.gz"
url_api = "https://api.github.com/repos/superradcompany/microsandbox/releases/assets/469505196"
provenance = "github-attestations"

[tools."github:superradcompany/microsandbox"."platforms.linux-x64"]
checksum = "sha256:572cf8c97e4795f32a74810f27b5545111708679dbc146eda46936a5960e7bed"
url = "https://github.com/superradcompany/microsandbox/releases/download/v0.6.6/microsandbox-linux-x86_64.tar.gz"
url_api = "https://api.github.com/repos/superradcompany/microsandbox/releases/assets/469505209"
provenance = "github-attestations"

[tools."github:superradcompany/microsandbox"."platforms.linux-x64-musl"]
checksum = "sha256:572cf8c97e4795f32a74810f27b5545111708679dbc146eda46936a5960e7bed"
url = "https://github.com/superradcompany/microsandbox/releases/download/v0.6.6/microsandbox-linux-x86_64.tar.gz"
url_api = "https://api.github.com/repos/superradcompany/microsandbox/releases/assets/469505209"
provenance = "github-attestations"

[tools."github:superradcompany/microsandbox"."platforms.macos-arm64"]
checksum = "sha256:c66fe4bfdcb0d7b7686c3c3f45dde674c9d22b50d17416854553b54c6dcf10bb"
url = "https://github.com/superradcompany/microsandbox/releases/download/v0.6.6/microsandbox-darwin-aarch64.tar.gz"
url_api = "https://api.github.com/repos/superradcompany/microsandbox/releases/assets/469505195"
provenance = "github-attestations"

[tools."github:superradcompany/microsandbox"."platforms.windows-x64"]
checksum = "sha256:f097e25aa63fa7a28b9de09607a892d4be7fd23427b8e7847f47ebc7528b9fd6"
url = "https://github.com/superradcompany/microsandbox/releases/download/v0.6.6/microsandbox-windows-x86_64.zip"
url_api = "https://api.github.com/repos/superradcompany/microsandbox/releases/assets/469505217"
provenance = "github-attestations"

[[tools."github:tombi-toml/tombi"]]
version = "1.2.4"
backend = "github:tombi-toml/tombi"

[tools."github:tombi-toml/tombi"."platforms.linux-arm64"]
checksum = "sha256:91504ef7e605fca89ef55aea0a428ee58cf3e435f2650a8a9ce8886dd286b874"
url = "https://github.com/tombi-toml/tombi/releases/download/v1.2.4/tombi-cli-1.2.4-aarch64-unknown-linux-musl.tar.gz"
url_api = "https://api.github.com/repos/tombi-toml/tombi/releases/assets/482325750"
provenance = "github-attestations"

[tools."github:tombi-toml/tombi"."platforms.linux-arm64-musl"]
checksum = "sha256:91504ef7e605fca89ef55aea0a428ee58cf3e435f2650a8a9ce8886dd286b874"
url = "https://github.com/tombi-toml/tombi/releases/download/v1.2.4/tombi-cli-1.2.4-aarch64-unknown-linux-musl.tar.gz"
url_api = "https://api.github.com/repos/tombi-toml/tombi/releases/assets/482325750"
provenance = "github-attestations"

[tools."github:tombi-toml/tombi"."platforms.linux-x64"]
checksum = "sha256:a74364d9c27835cefd9d7d9e4fee0487a7f68bc5289650e61050d6b0c395dc4d"
url = "https://github.com/tombi-toml/tombi/releases/download/v1.2.4/tombi-cli-1.2.4-x86_64-unknown-linux-musl.tar.gz"
url_api = "https://api.github.com/repos/tombi-toml/tombi/releases/assets/482325758"
provenance = "github-attestations"

[tools."github:tombi-toml/tombi"."platforms.linux-x64-musl"]
checksum = "sha256:a74364d9c27835cefd9d7d9e4fee0487a7f68bc5289650e61050d6b0c395dc4d"
url = "https://github.com/tombi-toml/tombi/releases/download/v1.2.4/tombi-cli-1.2.4-x86_64-unknown-linux-musl.tar.gz"
url_api = "https://api.github.com/repos/tombi-toml/tombi/releases/assets/482325758"
provenance = "github-attestations"

[tools."github:tombi-toml/tombi"."platforms.macos-arm64"]
checksum = "sha256:f05da8a5e619e156057e2e13c452437ac45b0865d73cf371b99763b1b539612b"
url = "https://github.com/tombi-toml/tombi/releases/download/v1.2.4/tombi-cli-1.2.4-aarch64-apple-darwin.tar.gz"
url_api = "https://api.github.com/repos/tombi-toml/tombi/releases/assets/482325748"
provenance = "github-attestations"

[tools."github:tombi-toml/tombi"."platforms.macos-x64"]
checksum = "sha256:54c94860225d348d3531a1c1ac81d86b6de315edc2640e143cfe18f2dcb0ca4d"
url = "https://github.com/tombi-toml/tombi/releases/download/v1.2.4/tombi-cli-1.2.4-x86_64-apple-darwin.tar.gz"
url_api = "https://api.github.com/repos/tombi-toml/tombi/releases/assets/482325746"
provenance = "github-attestations"

[tools."github:tombi-toml/tombi"."platforms.windows-x64"]
checksum = "sha256:868d5b9c41503b910fcbdb00e636a5a67c00af168444bffee7297aac3fff00ba"
url = "https://github.com/tombi-toml/tombi/releases/download/v1.2.4/tombi-cli-1.2.4-x86_64-pc-windows-msvc.zip"
url_api = "https://api.github.com/repos/tombi-toml/tombi/releases/assets/482325756"
provenance = "github-attestations"

[[tools.node]]
version = "26.5.0"
backend = "core:node"

[tools.node."platforms.linux-arm64"]
checksum = "sha256:308e5fe89a82461ba5a6cf15ff5221b2cdbd7ae87600aa72bb3c3fbdc66412d1"
url = "https://nodejs.org/dist/v26.5.0/node-v26.5.0-linux-arm64.tar.gz"

[tools.node."platforms.linux-arm64-musl"]
checksum = "sha256:1ab31aef6561191693f366cacd75bbcefa0301e49a18bc05554c21893bbdb490"
url = "https://unofficial-builds.nodejs.org/download/release/v26.5.0/node-v26.5.0-linux-arm64-musl.tar.gz"

[tools.node."platforms.linux-x64"]
checksum = "sha256:22b5f47ad6ae78837e4c2b846019965ce1a06ba143de176102294a1bf44fc677"
url = "https://nodejs.org/dist/v26.5.0/node-v26.5.0-linux-x64.tar.gz"

[tools.node."platforms.linux-x64-musl"]
checksum = "sha256:00f1398411a4216c5a6ecaad3b825a0da5ec00e79ee8c173ab65a094d97b9ad8"
url = "https://unofficial-builds.nodejs.org/download/release/v26.5.0/node-v26.5.0-linux-x64-musl.tar.gz"

[tools.node."platforms.macos-arm64"]
checksum = "sha256:ee920559aaa2391569cff4d737e3b83963430e3a14dedd91bfe0ff53171b5af9"
url = "https://nodejs.org/dist/v26.5.0/node-v26.5.0-darwin-arm64.tar.gz"

[tools.node."platforms.macos-x64"]
checksum = "sha256:98293394c945a24e64e00b4177bf075ec963ea70b34d1d2e24bd4a71716d334f"
url = "https://nodejs.org/dist/v26.5.0/node-v26.5.0-darwin-x64.tar.gz"

[tools.node."platforms.windows-x64"]
checksum = "sha256:d3b2277dbcccfdf24ef6302928f64f484cff1d77a6d3caa3a28f4d20ce9158f6"
url = "https://nodejs.org/dist/v26.5.0/node-v26.5.0-win-x64.zip"

[[tools."npm:@commitlint/cli"]]
version = "21.2.1"
backend = "npm:@commitlint/cli"

[[tools."npm:oxfmt"]]
version = "0.60.0"
backend = "npm:oxfmt"

[[tools."npm:oxlint"]]
version = "1.75.0"
backend = "npm:oxlint"

[[tools."npm:oxlint-tsgolint"]]
version = "7.0.2001"
backend = "npm:oxlint-tsgolint"

[[tools."npm:tsdown"]]
version = "0.22.14"
backend = "npm:tsdown"

[[tools."pipx:yamllint"]]
version = "1.38.0"
backend = "pipx:yamllint"

[[tools.typst]]
version = "0.15.1"
backend = "aqua:typst/typst"

[tools.typst."platforms.linux-arm64"]
checksum = "sha256:5aa8d74a3d906e60ea12a66ac2f37f8eef1b14cbad7182a745e393a10c23dcee"
url = "https://github.com/typst/typst/releases/download/v0.15.1/typst-aarch64-unknown-linux-musl.tar.xz"
url_api = "https://api.github.com/repos/typst/typst/releases/assets/480300408"

[tools.typst."platforms.linux-arm64-musl"]
checksum = "sha256:5aa8d74a3d906e60ea12a66ac2f37f8eef1b14cbad7182a745e393a10c23dcee"
url = "https://github.com/typst/typst/releases/download/v0.15.1/typst-aarch64-unknown-linux-musl.tar.xz"
url_api = "https://api.github.com/repos/typst/typst/releases/assets/480300408"

[tools.typst."platforms.linux-x64"]
checksum = "sha256:a6d077d0a95eed5a2eba715b2dae06be954f624ccbf85758a03f389ded33118c"
url = "https://github.com/typst/typst/releases/download/v0.15.1/typst-x86_64-unknown-linux-musl.tar.xz"
url_api = "https://api.github.com/repos/typst/typst/releases/assets/480300761"

[tools.typst."platforms.linux-x64-musl"]
checksum = "sha256:a6d077d0a95eed5a2eba715b2dae06be954f624ccbf85758a03f389ded33118c"
url = "https://github.com/typst/typst/releases/download/v0.15.1/typst-x86_64-unknown-linux-musl.tar.xz"
url_api = "https://api.github.com/repos/typst/typst/releases/assets/480300761"

[tools.typst."platforms.macos-arm64"]
checksum = "sha256:48f62ed034aa3a7978309579ac6ca00045e2ef0da73114e8af27cfd8e74dc05a"
url = "https://github.com/typst/typst/releases/download/v0.15.1/typst-aarch64-apple-darwin.tar.xz"
url_api = "https://api.github.com/repos/typst/typst/releases/assets/480299147"

[tools.typst."platforms.macos-x64"]
checksum = "sha256:7f9fdd9584866245de9a79e0add8f9236fae6f40a8a45e2c4771ccc14db4e0fa"
url = "https://github.com/typst/typst/releases/download/v0.15.1/typst-x86_64-apple-darwin.tar.xz"
url_api = "https://api.github.com/repos/typst/typst/releases/assets/480300018"

[tools.typst."platforms.windows-x64"]
checksum = "sha256:19ce3551153c2fe7ee9fa2f95208310c8f4d3209fedb699e0333faf8913f6736"
url = "https://github.com/typst/typst/releases/download/v0.15.1/typst-x86_64-pc-windows-msvc.zip"
url_api = "https://api.github.com/repos/typst/typst/releases/assets/480303335"
